
Microsoft Visual Studio Solution File, Format Version 12.00
# Visual Studio Version 17
VisualStudioVersion = 17.0.31903.59
MinimumVisualStudioVersion = 10.0.40219.1
Project("{2150E333-8FDC-42A3-9474-1A3956D46DE8}") = "Solution Items", "Solution Items", "{964F6205-B0EF-459E-A7BA-D3403207F3E1}"
	ProjectSection(SolutionItems) = preProject
		.gitignore = .gitignore
		CONTRIBUTORS.md = CONTRIBUTORS.md
		LICENSE = LICENSE
		README.md = README.md
	EndProjectSection
EndProject
Project("{2150E333-8FDC-42A3-9474-1A3956D46DE8}") = "src", "src", "{307A7AC3-F6E1-43A5-B674-DAF2B99F7BA5}"
EndProject
Project("{2150E333-8FDC-42A3-9474-1A3956D46DE8}") = "tests", "tests", "{4AB8DE2E-C34F-4C09-BCDD-E9C02BDC9825}"
EndProject
Project("{FAE04EC0-301F-11D3-BF4B-00C04F79EFBC}") = "Api", "src\Api\Api.csproj", "{86E709BF-B0C2-44C8-8228-2815D2193881}"
EndProject
Global
	GlobalSection(SolutionConfigurationPlatforms) = preSolution
		Debug|Any CPU = Debug|Any CPU
		Release|Any CPU = Release|Any CPU
	EndGlobalSection
	GlobalSection(ProjectConfigurationPlatforms) = postSolution
		{86E709BF-B0C2-44C8-8228-2815D2193881}.Debug|Any CPU.ActiveCfg = Debug|Any CPU
		{86E709BF-B0C2-44C8-8228-2815D2193881}.Debug|Any CPU.Build.0 = Debug|Any CPU
		{86E709BF-B0C2-44C8-8228-2815D2193881}.Release|Any CPU.ActiveCfg = Release|Any CPU
		{86E709BF-B0C2-44C8-8228-2815D2193881}.Release|Any CPU.Build.0 = Release|Any CPU
	EndGlobalSection
	GlobalSection(SolutionProperties) = preSolution
		HideSolutionNode = FALSE
	EndGlobalSection
	GlobalSection(NestedProjects) = preSolution
		{86E709BF-B0C2-44C8-8228-2815D2193881} = {307A7AC3-F6E1-43A5-B674-DAF2B99F7BA5}
	EndGlobalSection
	GlobalSection(ExtensibilityGlobals) = postSolution
		SolutionGuid = {37611440-6C70-4016-B6D0-F8F5B5AB4315}
	EndGlobalSection
EndGlobal
