
Microsoft Visual Studio Solution File, Format Version 12.00
# Visual Studio Version 17
VisualStudioVersion = 17.0.31903.59
MinimumVisualStudioVersion = 10.0.40219.1
Project("{9A19103F-16F7-4668-BE54-9A1E7A4F7556}") = "Api", "src\Api\Api.csproj", "{1E1F58BB-6C05-43FF-8C6C-F0EBCF1A0D2D}"
EndProject
Project("{2150E333-8FDC-42A3-9474-1A3956D46DE8}") = "src", "src", "{6C6C7CDA-F19A-463A-B223-248DC5D6CC9C}"
EndProject
Project("{2150E333-8FDC-42A3-9474-1A3956D46DE8}") = "tests", "tests", "{674C472C-E71C-4DB5-AA66-34104BDA079A}"
EndProject
Project("{FAE04EC0-301F-11D3-BF4B-00C04F79EFBC}") = "UnitTests", "tests\UnitTests\UnitTests.csproj", "{6E81941B-8012-4914-87D1-19A3F2F3354B}"
EndProject
Project("{FAE04EC0-301F-11D3-BF4B-00C04F79EFBC}") = "IntegrationTests", "tests\IntegrationTests\IntegrationTests.csproj", "{A8076A06-520A-45EF-B86C-6F68E178D5B3}"
EndProject
Global
	GlobalSection(SolutionConfigurationPlatforms) = preSolution
		Debug|Any CPU = Debug|Any CPU
		Release|Any CPU = Release|Any CPU
	EndGlobalSection
	GlobalSection(ProjectConfigurationPlatforms) = postSolution
		{1E1F58BB-6C05-43FF-8C6C-F0EBCF1A0D2D}.Debug|Any CPU.ActiveCfg = Debug|Any CPU
		{1E1F58BB-6C05-43FF-8C6C-F0EBCF1A0D2D}.Debug|Any CPU.Build.0 = Debug|Any CPU
		{1E1F58BB-6C05-43FF-8C6C-F0EBCF1A0D2D}.Release|Any CPU.ActiveCfg = Release|Any CPU
		{1E1F58BB-6C05-43FF-8C6C-F0EBCF1A0D2D}.Release|Any CPU.Build.0 = Release|Any CPU
		{6E81941B-8012-4914-87D1-19A3F2F3354B}.Debug|Any CPU.ActiveCfg = Debug|Any CPU
		{6E81941B-8012-4914-87D1-19A3F2F3354B}.Debug|Any CPU.Build.0 = Debug|Any CPU
		{6E81941B-8012-4914-87D1-19A3F2F3354B}.Release|Any CPU.ActiveCfg = Release|Any CPU
		{6E81941B-8012-4914-87D1-19A3F2F3354B}.Release|Any CPU.Build.0 = Release|Any CPU
		{A8076A06-520A-45EF-B86C-6F68E178D5B3}.Debug|Any CPU.ActiveCfg = Debug|Any CPU
		{A8076A06-520A-45EF-B86C-6F68E178D5B3}.Debug|Any CPU.Build.0 = Debug|Any CPU
		{A8076A06-520A-45EF-B86C-6F68E178D5B3}.Release|Any CPU.ActiveCfg = Release|Any CPU
		{A8076A06-520A-45EF-B86C-6F68E178D5B3}.Release|Any CPU.Build.0 = Release|Any CPU
	EndGlobalSection
	GlobalSection(SolutionProperties) = preSolution
		HideSolutionNode = FALSE
	EndGlobalSection
	GlobalSection(NestedProjects) = preSolution
		{1E1F58BB-6C05-43FF-8C6C-F0EBCF1A0D2D} = {6C6C7CDA-F19A-463A-B223-248DC5D6CC9C}
		{6E81941B-8012-4914-87D1-19A3F2F3354B} = {674C472C-E71C-4DB5-AA66-34104BDA079A}
		{A8076A06-520A-45EF-B86C-6F68E178D5B3} = {674C472C-E71C-4DB5-AA66-34104BDA079A}
	EndGlobalSection
	GlobalSection(ExtensibilityGlobals) = postSolution
		SolutionGuid = {C2BA732C-59F6-41A5-B687-0AD20E9B29F7}
	EndGlobalSection
EndGlobal
